
Microsoft Visual Studio Solution File, Format Version 12.00
# Visual Studio Version 16
VisualStudioVersion = 16.0.29613.14
MinimumVisualStudioVersion = 10.0.40219.1
Project("{FAE04EC0-301F-11D3-BF4B-00C04F79EFBC}") = "SpaceWar", "SpaceWar\SpaceWar.csproj", "{0C27DF60-F8B1-4A7E-AE7B-AA8220012C59}"
EndProject
Global
	GlobalSection(SolutionConfigurationPlatforms) = preSolution
		Debug|Any CPU = Debug|Any CPU
		Release|Any CPU = Release|Any CPU
	EndGlobalSection
	GlobalSection(ProjectConfigurationPlatforms) = postSolution
		{0C27DF60-F8B1-4A7E-AE7B-AA8220012C59}.Debug|Any CPU.ActiveCfg = Debug|Any CPU
		{0C27DF60-F8B1-4A7E-AE7B-AA8220012C59}.Debug|Any CPU.Build.0 = Debug|Any CPU
		{0C27DF60-F8B1-4A7E-AE7B-AA8220012C59}.Release|Any CPU.ActiveCfg = Release|Any CPU
		{0C27DF60-F8B1-4A7E-AE7B-AA8220012C59}.Release|Any CPU.Build.0 = Release|Any CPU
	EndGlobalSection
	GlobalSection(SolutionProperties) = preSolution
		HideSolutionNode = FALSE
	EndGlobalSection
	GlobalSection(ExtensibilityGlobals) = postSolution
		SolutionGuid = {B0C11F9B-A115-4D08-AE03-6103F6EBB3A0}
	EndGlobalSection
EndGlobal
